// !$*UTF8*$!
{
	archiveVersion = 1;
	classes = {
	};
	objectVersion = 46;
	objects = {

/* Begin PBXBuildFile section */
		6C2A0CEC19EB485C0069D068 /* main.m in Sources */ = {isa = PBXBuildFile; fileRef = 6C2A0CEB19EB485C0069D068 /* main.m */; };
		6C2A0CEF19EB485C0069D068 /* AppDelegate.m in Sources */ = {isa = PBXBuildFile; fileRef = 6C2A0CEE19EB485C0069D068 /* AppDelegate.m */; };
		6C2A0CF719EB485C0069D068 /* Images.xcassets in Resources */ = {isa = PBXBuildFile; fileRef = 6C2A0CF619EB485C0069D068 /* Images.xcassets */; };
		6C2A0CFA19EB485C0069D068 /* LaunchScreen.xib in Resources */ = {isa = PBXBuildFile; fileRef = 6C2A0CF819EB485C0069D068 /* LaunchScreen.xib */; };
		6C2A0D0619EB485C0069D068 /* VevoChallengeTests.m in Sources */ = {isa = PBXBuildFile; fileRef = 6C2A0D0519EB485C0069D068 /* VevoChallengeTests.m */; };
		6C2A0D1119EB49C60069D068 /* VVTableViewController.m in Sources */ = {isa = PBXBuildFile; fileRef = 6C2A0D1019EB49C60069D068 /* VVTableViewController.m */; };
		6C2A0D1419EB4BE50069D068 /* VVTableViewCell.m in Sources */ = {isa = PBXBuildFile; fileRef = 6C2A0D1319EB4BE50069D068 /* VVTableViewCell.m */; };
		6C2A0D1719EB57920069D068 /* VVTableViewDataSource.m in Sources */ = {isa = PBXBuildFile; fileRef = 6C2A0D1619EB57920069D068 /* VVTableViewDataSource.m */; };
		6C2A0D1A19EB9E700069D068 /* VVVideoPlayerViewController.m in Sources */ = {isa = PBXBuildFile; fileRef = 6C2A0D1919EB9E700069D068 /* VVVideoPlayerViewController.m */; };
/* End PBXBuildFile section */

/* Begin PBXContainerItemProxy section */
		6C2A0D0019EB485C0069D068 /* PBXContainerItemProxy */ = {
			isa = PBXContainerItemProxy;
			containerPortal = 6C2A0CDE19EB485C0069D068 /* Project object */;
			proxyType = 1;
			remoteGlobalIDString = 6C2A0CE519EB485C0069D068;
			remoteInfo = VevoChallenge;
		};
/* End PBXContainerItemProxy section */

/* Begin PBXFileReference section */
		6C2A0CE619EB485C0069D068 /* VevoChallenge.app */ = {isa = PBXFileReference; explicitFileType = wrapper.application; includeInIndex = 0; path = VevoChallenge.app; sourceTree = BUILT_PRODUCTS_DIR; };
		6C2A0CEA19EB485C0069D068 /* Info.plist */ = {isa = PBXFileReference; lastKnownFileType = text.plist.xml; path = Info.plist; sourceTree = "<group>"; };
		6C2A0CEB19EB485C0069D068 /* main.m */ = {isa = PBXFileReference; lastKnownFileType = sourcecode.c.objc; path = main.m; sourceTree = "<group>"; };
		6C2A0CED19EB485C0069D068 /* AppDelegate.h */ = {isa = PBXFileReference; lastKnownFileType = sourcecode.c.h; path = AppDelegate.h; sourceTree = "<group>"; };
		6C2A0CEE19EB485C0069D068 /* AppDelegate.m */ = {isa = PBXFileReference; lastKnownFileType = sourcecode.c.objc; path = AppDelegate.m; sourceTree = "<group>"; };
		6C2A0CF619EB485C0069D068 /* Images.xcassets */ = {isa = PBXFileReference; lastKnownFileType = folder.assetcatalog; path = Images.xcassets; sourceTree = "<group>"; };
		6C2A0CF919EB485C0069D068 /* Base */ = {isa = PBXFileReference; lastKnownFileType = file.xib; name = Base; path = Base.lproj/LaunchScreen.xib; sourceTree = "<group>"; };
		6C2A0CFF19EB485C0069D068 /* VevoChallengeTests.xctest */ = {isa = PBXFileReference; explicitFileType = wrapper.cfbundle; includeInIndex = 0; path = VevoChallengeTests.xctest; sourceTree = BUILT_PRODUCTS_DIR; };
		6C2A0D0419EB485C0069D068 /* Info.plist */ = {isa = PBXFileReference; lastKnownFileType = text.plist.xml; path = Info.plist; sourceTree = "<group>"; };
		6C2A0D0519EB485C0069D068 /* VevoChallengeTests.m */ = {isa = PBXFileReference; lastKnownFileType = sourcecode.c.objc; path = VevoChallengeTests.m; sourceTree = "<group>"; };
		6C2A0D0F19EB49C60069D068 /* VVTableViewController.h */ = {isa = PBXFileReference; fileEncoding = 4; lastKnownFileType = sourcecode.c.h; path = VVTableViewController.h; sourceTree = "<group>"; };
		6C2A0D1019EB49C60069D068 /* VVTableViewController.m */ = {isa = PBXFileReference; fileEncoding = 4; lastKnownFileType = sourcecode.c.objc; path = VVTableViewController.m; sourceTree = "<group>"; };
		6C2A0D1219EB4BE50069D068 /* VVTableViewCell.h */ = {isa = PBXFileReference; fileEncoding = 4; lastKnownFileType = sourcecode.c.h; path = VVTableViewCell.h; sourceTree = "<group>"; };
		6C2A0D1319EB4BE50069D068 /* VVTableViewCell.m */ = {isa = PBXFileReference; fileEncoding = 4; lastKnownFileType = sourcecode.c.objc; path = VVTableViewCell.m; sourceTree = "<group>"; };
		6C2A0D1519EB57920069D068 /* VVTableViewDataSource.h */ = {isa = PBXFileReference; fileEncoding = 4; lastKnownFileType = sourcecode.c.h; path = VVTableViewDataSource.h; sourceTree = "<group>"; };
		6C2A0D1619EB57920069D068 /* VVTableViewDataSource.m */ = {isa = PBXFileReference; fileEncoding = 4; lastKnownFileType = sourcecode.c.objc; path = VVTableViewDataSource.m; sourceTree = "<group>"; };
		6C2A0D1819EB9E700069D068 /* VVVideoPlayerViewController.h */ = {isa = PBXFileReference; fileEncoding = 4; lastKnownFileType = sourcecode.c.h; path = VVVideoPlayerViewController.h; sourceTree = "<group>"; };
		6C2A0D1919EB9E700069D068 /* VVVideoPlayerViewController.m */ = {isa = PBXFileReference; fileEncoding = 4; lastKnownFileType = sourcecode.c.objc; path = VVVideoPlayerViewController.m; sourceTree = "<group>"; };
/* End PBXFileReference section */

/* Begin PBXFrameworksBuildPhase section */
		6C2A0CE319EB485C0069D068 /* Frameworks */ = {
			isa = PBXFrameworksBuildPhase;
			buildActionMask = 2147483647;
			files = (
			);
			runOnlyForDeploymentPostprocessing = 0;
		};
		6C2A0CFC19EB485C0069D068 /* Frameworks */ = {
			isa = PBXFrameworksBuildPhase;
			buildActionMask = 2147483647;
			files = (
			);
			runOnlyForDeploymentPostprocessing = 0;
		};
/* End PBXFrameworksBuildPhase section */

/* Begin PBXGroup section */
		6C2A0CDD19EB485C0069D068 = {
			isa = PBXGroup;
			children = (
				6C2A0CE819EB485C0069D068 /* VevoChallenge */,
				6C2A0D0219EB485C0069D068 /* VevoChallengeTests */,
				6C2A0CE719EB485C0069D068 /* Products */,
			);
			sourceTree = "<group>";
		};
		6C2A0CE719EB485C0069D068 /* Products */ = {
			isa = PBXGroup;
			children = (
				6C2A0CE619EB485C0069D068 /* VevoChallenge.app */,
				6C2A0CFF19EB485C0069D068 /* VevoChallengeTests.xctest */,
			);
			name = Products;
			sourceTree = "<group>";
		};
		6C2A0CE819EB485C0069D068 /* VevoChallenge */ = {
			isa = PBXGroup;
			children = (
				6C2A0CED19EB485C0069D068 /* AppDelegate.h */,
				6C2A0CEE19EB485C0069D068 /* AppDelegate.m */,
				6C2A0D1219EB4BE50069D068 /* VVTableViewCell.h */,
				6C2A0D1319EB4BE50069D068 /* VVTableViewCell.m */,
				6C2A0D1519EB57920069D068 /* VVTableViewDataSource.h */,
				6C2A0D1619EB57920069D068 /* VVTableViewDataSource.m */,
				6C2A0D0F19EB49C60069D068 /* VVTableViewController.h */,
				6C2A0D1019EB49C60069D068 /* VVTableViewController.m */,
				6C2A0D1819EB9E700069D068 /* VVVideoPlayerViewController.h */,
				6C2A0D1919EB9E700069D068 /* VVVideoPlayerViewController.m */,
				6C2A0CF619EB485C0069D068 /* Images.xcassets */,
				6C2A0CF819EB485C0069D068 /* LaunchScreen.xib */,
				6C2A0CE919EB485C0069D068 /* Supporting Files */,
			);
			path = VevoChallenge;
			sourceTree = "<group>";
		};
		6C2A0CE919EB485C0069D068 /* Supporting Files */ = {
			isa = PBXGroup;
			children = (
				6C2A0CEA19EB485C0069D068 /* Info.plist */,
				6C2A0CEB19EB485C0069D068 /* main.m */,
			);
			name = "Supporting Files";
			sourceTree = "<group>";
		};
		6C2A0D0219EB485C0069D068 /* VevoChallengeTests */ = {
			isa = PBXGroup;
			children = (
				6C2A0D0519EB485C0069D068 /* VevoChallengeTests.m */,
				6C2A0D0319EB485C0069D068 /* Supporting Files */,
			);
			path = VevoChallengeTests;
			sourceTree = "<group>";
		};
		6C2A0D0319EB485C0069D068 /* Supporting Files */ = {
			isa = PBXGroup;
			children = (
				6C2A0D0419EB485C0069D068 /* Info.plist */,
			);
			name = "Supporting Files";
			sourceTree = "<group>";
		};
/* End PBXGroup section */

/* Begin PBXNativeTarget section */
		6C2A0CE519EB485C0069D068 /* VevoChallenge */ = {
			isa = PBXNativeTarget;
			buildConfigurationList = 6C2A0D0919EB485C0069D068 /* Build configuration list for PBXNativeTarget "VevoChallenge" */;
			buildPhases = (
				6C2A0CE219EB485C0069D068 /* Sources */,
				6C2A0CE319EB485C0069D068 /* Frameworks */,
				6C2A0CE419EB485C0069D068 /* Resources */,
			);
			buildRules = (
			);
			dependencies = (
			);
			name = VevoChallenge;
			productName = VevoChallenge;
			productReference = 6C2A0CE619EB485C0069D068 /* VevoChallenge.app */;
			productType = "com.apple.product-type.application";
		};
		6C2A0CFE19EB485C0069D068 /* VevoChallengeTests */ = {
			isa = PBXNativeTarget;
			buildConfigurationList = 6C2A0D0C19EB485C0069D068 /* Build configuration list for PBXNativeTarget "VevoChallengeTests" */;
			buildPhases = (
				6C2A0CFB19EB485C0069D068 /* Sources */,
				6C2A0CFC19EB485C0069D068 /* Frameworks */,
				6C2A0CFD19EB485C0069D068 /* Resources */,
			);
			buildRules = (
			);
			dependencies = (
				6C2A0D0119EB485C0069D068 /* PBXTargetDependency */,
			);
			name = VevoChallengeTests;
			productName = VevoChallengeTests;
			productReference = 6C2A0CFF19EB485C0069D068 /* VevoChallengeTests.xctest */;
			productType = "com.apple.product-type.bundle.unit-test";
		};
/* End PBXNativeTarget section */

/* Begin PBXProject section */
		6C2A0CDE19EB485C0069D068 /* Project object */ = {
			isa = PBXProject;
			attributes = {
				LastUpgradeCheck = 0600;
				ORGANIZATIONNAME = "Geoffrey Scott Davis";
				TargetAttributes = {
					6C2A0CE519EB485C0069D068 = {
						CreatedOnToolsVersion = 6.0.1;
					};
					6C2A0CFE19EB485C0069D068 = {
						CreatedOnToolsVersion = 6.0.1;
						TestTargetID = 6C2A0CE519EB485C0069D068;
					};
				};
			};
			buildConfigurationList = 6C2A0CE119EB485C0069D068 /* Build configuration list for PBXProject "VevoChallenge" */;
			compatibilityVersion = "Xcode 3.2";
			developmentRegion = English;
			hasScannedForEncodings = 0;
			knownRegions = (
				en,
				Base,
			);
			mainGroup = 6C2A0CDD19EB485C0069D068;
			productRefGroup = 6C2A0CE719EB485C0069D068 /* Products */;
			projectDirPath = "";
			projectRoot = "";
			targets = (
				6C2A0CE519EB485C0069D068 /* VevoChallenge */,
				6C2A0CFE19EB485C0069D068 /* VevoChallengeTests */,
			);
		};
/* End PBXProject section */

/* Begin PBXResourcesBuildPhase section */
		6C2A0CE419EB485C0069D068 /* Resources */ = {
			isa = PBXResourcesBuildPhase;
			buildActionMask = 2147483647;
			files = (
				6C2A0CFA19EB485C0069D068 /* LaunchScreen.xib in Resources */,
				6C2A0CF719EB485C0069D068 /* Images.xcassets in Resources */,
			);
			runOnlyForDeploymentPostprocessing = 0;
		};
		6C2A0CFD19EB485C0069D068 /* Resources */ = {
			isa = PBXResourcesBuildPhase;
			buildActionMask = 2147483647;
			files = (
			);
			runOnlyForDeploymentPostprocessing = 0;
		};
/* End PBXResourcesBuildPhase section */

/* Begin PBXSourcesBuildPhase section */
		6C2A0CE219EB485C0069D068 /* Sources */ = {
			isa = PBXSourcesBuildPhase;
			buildActionMask = 2147483647;
			files = (
				6C2A0CEF19EB485C0069D068 /* AppDelegate.m in Sources */,
				6C2A0CEC19EB485C0069D068 /* main.m in Sources */,
				6C2A0D1119EB49C60069D068 /* VVTableViewController.m in Sources */,
				6C2A0D1419EB4BE50069D068 /* VVTableViewCell.m in Sources */,
				6C2A0D1719EB57920069D068 /* VVTableViewDataSource.m in Sources */,
				6C2A0D1A19EB9E700069D068 /* VVVideoPlayerViewController.m in Sources */,
			);
			runOnlyForDeploymentPostprocessing = 0;
		};
		6C2A0CFB19EB485C0069D068 /* Sources */ = {
			isa = PBXSourcesBuildPhase;
			buildActionMask = 2147483647;
			files = (
				6C2A0D0619EB485C0069D068 /* VevoChallengeTests.m in Sources */,
			);
			runOnlyForDeploymentPostprocessing = 0;
		};
/* End PBXSourcesBuildPhase section */

/* Begin PBXTargetDependency section */
		6C2A0D0119EB485C0069D068 /* PBXTargetDependency */ = {
			isa = PBXTargetDependency;
			target = 6C2A0CE519EB485C0069D068 /* VevoChallenge */;
			targetProxy = 6C2A0D0019EB485C0069D068 /* PBXContainerItemProxy */;
		};
/* End PBXTargetDependency section */

/* Begin PBXVariantGroup section */
		6C2A0CF819EB485C0069D068 /* LaunchScreen.xib */ = {
			isa = PBXVariantGroup;
			children = (
				6C2A0CF919EB485C0069D068 /* Base */,
			);
			name = LaunchScreen.xib;
			sourceTree = "<group>";
		};
/* End PBXVariantGroup section */

/* Begin XCBuildConfiguration section */
		6C2A0D0719EB485C0069D068 /* Debug */ = {
			isa = XCBuildConfiguration;
			buildSettings = {
				ALWAYS_SEARCH_USER_PATHS = NO;
				CLANG_CXX_LANGUAGE_STANDARD = "gnu++0x";
				CLANG_CXX_LIBRARY = "libc++";
				CLANG_ENABLE_MODULES = YES;
				CLANG_ENABLE_OBJC_ARC = YES;
				CLANG_WARN_BOOL_CONVERSION = YES;
				CLANG_WARN_CONSTANT_CONVERSION = YES;
				CLANG_WARN_DIRECT_OBJC_ISA_USAGE = YES_ERROR;
				CLANG_WARN_EMPTY_BODY = YES;
				CLANG_WARN_ENUM_CONVERSION = YES;
				CLANG_WARN_INT_CONVERSION = YES;
				CLANG_WARN_OBJC_ROOT_CLASS = YES_ERROR;
				CLANG_WARN_UNREACHABLE_CODE = YES;
				CLANG_WARN__DUPLICATE_METHOD_MATCH = YES;
				"CODE_SIGN_IDENTITY[sdk=iphoneos*]" = "iPhone Developer";
				COPY_PHASE_STRIP = NO;
				ENABLE_STRICT_OBJC_MSGSEND = YES;
				GCC_C_LANGUAGE_STANDARD = gnu99;
				GCC_DYNAMIC_NO_PIC = NO;
				GCC_OPTIMIZATION_LEVEL = 0;
				GCC_PREPROCESSOR_DEFINITIONS = (
					"DEBUG=1",
					"$(inherited)",
				);
				GCC_SYMBOLS_PRIVATE_EXTERN = NO;
				GCC_WARN_64_TO_32_BIT_CONVERSION = YES;
				GCC_WARN_ABOUT_RETURN_TYPE = YES_ERROR;
				GCC_WARN_UNDECLARED_SELECTOR = YES;
				GCC_WARN_UNINITIALIZED_AUTOS = YES_AGGRESSIVE;
				GCC_WARN_UNUSED_FUNCTION = YES;
				GCC_WARN_UNUSED_VARIABLE = YES;
				IPHONEOS_DEPLOYMENT_TARGET = 8.0;
				MTL_ENABLE_DEBUG_INFO = YES;
				ONLY_ACTIVE_ARCH = YES;
				SDKROOT = iphoneos;
				TARGETED_DEVICE_FAMILY = 2;
			};
			name = Debug;
		};
		6C2A0D0819EB485C0069D068 /* Release */ = {
			isa = XCBuildConfiguration;
			buildSettings = {
				ALWAYS_SEARCH_USER_PATHS = NO;
				CLANG_CXX_LANGUAGE_STANDARD = "gnu++0x";
				CLANG_CXX_LIBRARY = "libc++";
				CLANG_ENABLE_MODULES = YES;
				CLANG_ENABLE_OBJC_ARC = YES;
				CLANG_WARN_BOOL_CONVERSION = YES;
				CLANG_WARN_CONSTANT_CONVERSION = YES;
				CLANG_WARN_DIRECT_OBJC_ISA_USAGE = YES_ERROR;
				CLANG_WARN_EMPTY_BODY = YES;
				CLANG_WARN_ENUM_CONVERSION = YES;
				CLANG_WARN_INT_CONVERSION = YES;
				CLANG_WARN_OBJC_ROOT_CLASS = YES_ERROR;
				CLANG_WARN_UNREACHABLE_CODE = YES;
				CLANG_WARN__DUPLICATE_METHOD_MATCH = YES;
				"CODE_SIGN_IDENTITY[sdk=iphoneos*]" = "iPhone Developer";
				COPY_PHASE_STRIP = YES;
				ENABLE_NS_ASSERTIONS = NO;
				ENABLE_STRICT_OBJC_MSGSEND = YES;
				GCC_C_LANGUAGE_STANDARD = gnu99;
				GCC_WARN_64_TO_32_BIT_CONVERSION = YES;
				GCC_WARN_ABOUT_RETURN_TYPE = YES_ERROR;
				GCC_WARN_UNDECLARED_SELECTOR = YES;
				GCC_WARN_UNINITIALIZED_AUTOS = YES_AGGRESSIVE;
				GCC_WARN_UNUSED_FUNCTION = YES;
				GCC_WARN_UNUSED_VARIABLE = YES;
				IPHONEOS_DEPLOYMENT_TARGET = 8.0;
				MTL_ENABLE_DEBUG_INFO = NO;
				SDKROOT = iphoneos;
				TARGETED_DEVICE_FAMILY = 2;
				VALIDATE_PRODUCT = YES;
			};
			name = Release;
		};
		6C2A0D0A19EB485C0069D068 /* Debug */ = {
			isa = XCBuildConfiguration;
			buildSettings = {
				ASSETCATALOG_COMPILER_APPICON_NAME = AppIcon;
				INFOPLIST_FILE = VevoChallenge/Info.plist;
				LD_RUNPATH_SEARCH_PATHS = "$(inherited) @executable_path/Frameworks";
				PRODUCT_NAME = "$(TARGET_NAME)";
			};
			name = Debug;
		};
		6C2A0D0B19EB485C0069D068 /* Release */ = {
			isa = XCBuildConfiguration;
			buildSettings = {
				ASSETCATALOG_COMPILER_APPICON_NAME = AppIcon;
				INFOPLIST_FILE = VevoChallenge/Info.plist;
				LD_RUNPATH_SEARCH_PATHS = "$(inherited) @executable_path/Frameworks";
				PRODUCT_NAME = "$(TARGET_NAME)";
			};
			name = Release;
		};
		6C2A0D0D19EB485C0069D068 /* Debug */ = {
			isa = XCBuildConfiguration;
			buildSettings = {
				BUNDLE_LOADER = "$(TEST_HOST)";
				FRAMEWORK_SEARCH_PATHS = (
					"$(SDKROOT)/Developer/Library/Frameworks",
					"$(inherited)",
				);
				GCC_PREPROCESSOR_DEFINITIONS = (
					"DEBUG=1",
					"$(inherited)",
				);
				INFOPLIST_FILE = VevoChallengeTests/Info.plist;
				LD_RUNPATH_SEARCH_PATHS = "$(inherited) @executable_path/Frameworks @loader_path/Frameworks";
				PRODUCT_NAME = "$(TARGET_NAME)";
				TEST_HOST = "$(BUILT_PRODUCTS_DIR)/VevoChallenge.app/VevoChallenge";
			};
			name = Debug;
		};
		6C2A0D0E19EB485C0069D068 /* Release */ = {
			isa = XCBuildConfiguration;
			buildSettings = {
				BUNDLE_LOADER = "$(TEST_HOST)";
				FRAMEWORK_SEARCH_PATHS = (
					"$(SDKROOT)/Developer/Library/Frameworks",
					"$(inherited)",
				);
				INFOPLIST_FILE = VevoChallengeTests/Info.plist;
				LD_RUNPATH_SEARCH_PATHS = "$(inherited) @executable_path/Frameworks @loader_path/Frameworks";
				PRODUCT_NAME = "$(TARGET_NAME)";
				TEST_HOST = "$(BUILT_PRODUCTS_DIR)/VevoChallenge.app/VevoChallenge";
			};
			name = Release;
		};
/* End XCBuildConfiguration section */

/* Begin XCConfigurationList section */
		6C2A0CE119EB485C0069D068 /* Build configuration list for PBXProject "VevoChallenge" */ = {
			isa = XCConfigurationList;
			buildConfigurations = (
				6C2A0D0719EB485C0069D068 /* Debug */,
				6C2A0D0819EB485C0069D068 /* Release */,
			);
			defaultConfigurationIsVisible = 0;
			defaultConfigurationName = Release;
		};
		6C2A0D0919EB485C0069D068 /* Build configuration list for PBXNativeTarget "VevoChallenge" */ = {
			isa = XCConfigurationList;
			buildConfigurations = (
				6C2A0D0A19EB485C0069D068 /* Debug */,
				6C2A0D0B19EB485C0069D068 /* Release */,
			);
			defaultConfigurationIsVisible = 0;
			defaultConfigurationName = Release;
		};
		6C2A0D0C19EB485C0069D068 /* Build configuration list for PBXNativeTarget "VevoChallengeTests" */ = {
			isa = XCConfigurationList;
			buildConfigurations = (
				6C2A0D0D19EB485C0069D068 /* Debug */,
				6C2A0D0E19EB485C0069D068 /* Release */,
			);
			defaultConfigurationIsVisible = 0;
			defaultConfigurationName = Release;
		};
/* End XCConfigurationList section */
	};
	rootObject = 6C2A0CDE19EB485C0069D068 /* Project object */;
}
